
Microsoft Visual Studio Solution File, Format Version 12.00
Project("{FAE04EC0-301F-11D3-BF4B-00C04F79EFBC}") = "ToCMaker", "ToCMaker\ToCMaker.csproj", "{5C45FD72-5898-4F99-AB4F-552EF679691D}"
EndProject
Global
	GlobalSection(SolutionConfigurationPlatforms) = preSolution
		Debug|Any CPU = Debug|Any CPU
		Release|Any CPU = Release|Any CPU
	EndGlobalSection
	GlobalSection(ProjectConfigurationPlatforms) = postSolution
		{5C45FD72-5898-4F99-AB4F-552EF679691D}.Debug|Any CPU.ActiveCfg = Debug|Any CPU
		{5C45FD72-5898-4F99-AB4F-552EF679691D}.Debug|Any CPU.Build.0 = Debug|Any CPU
		{5C45FD72-5898-4F99-AB4F-552EF679691D}.Release|Any CPU.ActiveCfg = Release|Any CPU
		{5C45FD72-5898-4F99-AB4F-552EF679691D}.Release|Any CPU.Build.0 = Release|Any CPU
	EndGlobalSection
EndGlobal
